
Microsoft Visual Studio Solution File, Format Version 12.00
# Visual Studio 15
VisualStudioVersion = 15.0.28307.757
MinimumVisualStudioVersion = 10.0.40219.1
Project("{FAE04EC0-301F-11D3-BF4B-00C04F79EFBC}") = "Autofac", "Autofac\Autofac.csproj", "{9B93EB5A-CAFE-4D2D-AA3F-B9EAA7839011}"
EndProject
Global
	GlobalSection(SolutionConfigurationPlatforms) = preSolution
		Debug|Any CPU = Debug|Any CPU
		Release|Any CPU = Release|Any CPU
	EndGlobalSection
	GlobalSection(ProjectConfigurationPlatforms) = postSolution
		{9B93EB5A-CAFE-4D2D-AA3F-B9EAA7839011}.Debug|Any CPU.ActiveCfg = Debug|Any CPU
		{9B93EB5A-CAFE-4D2D-AA3F-B9EAA7839011}.Debug|Any CPU.Build.0 = Debug|Any CPU
		{9B93EB5A-CAFE-4D2D-AA3F-B9EAA7839011}.Release|Any CPU.ActiveCfg = Release|Any CPU
		{9B93EB5A-CAFE-4D2D-AA3F-B9EAA7839011}.Release|Any CPU.Build.0 = Release|Any CPU
	EndGlobalSection
	GlobalSection(SolutionProperties) = preSolution
		HideSolutionNode = FALSE
	EndGlobalSection
	GlobalSection(ExtensibilityGlobals) = postSolution
		SolutionGuid = {6BEC332B-FBFE-4ECE-92A5-39BE12012B3F}
	EndGlobalSection
EndGlobal
